<Solution>
  <Project Path="Pro01/Pro01.csproj" />
  <Project Path="Pro02/Pro02.csproj" />
  <Project Path="Pro03/Pro03.csproj" Id="fcef59ce-c853-46c5-a1ec-501da5f78241" />
  <Project Path="Pro04/Pro04.csproj" Id="037aba7e-66c3-49dc-81ac-7f20ff4f3a7f" />
  <Project Path="Pro05/Pro05.csproj" Id="4c09b865-75b0-4b59-897f-abb930c768e6" />
  <Project Path="Pro06/Pro06.csproj" Id="71236232-66e1-46b1-ac3b-faa855dfbe62" />
  <Project Path="Pro07/Pro07.csproj" Id="2e600a1b-d003-46b7-aa27-51a3a7085c83" />
  <Project Path="Pro08/Pro08.csproj" Id="837dd679-096a-4755-b439-4ce0633c0905" />
  <Project Path="Pro09/Pro09.csproj" Id="a2e3a7f5-9982-4360-8c8f-559c3895bdf2" />
  <Project Path="Pro10/Pro10.csproj" Id="f17827b2-1dd0-421b-8aba-2b86aa946325" />
  <Project Path="Pro11/Pro11.csproj" Id="2fd26548-aba5-4464-8da4-02968c530889" />
  <Project Path="Pro12/Pro12.csproj" Id="b83fd76f-3a1a-45b2-a22b-e8797d3c42b8" />
  <Project Path="Pro13/Pro13.csproj" Id="3755121c-2503-4f15-a9c1-fab4b80d230b" />
  <Project Path="Pro14/Pro14.csproj" Id="5bc374a6-b15d-476d-8a3d-d99070e205af" />
  <Project Path="Pro15/Pro15.csproj" Id="496905c5-e39e-4690-ac7f-f830b3d0ded4" />
  <Project Path="Pro16/Pro16.csproj" Id="42760df9-53be-4fd9-95c3-fb805374018f" />
  <Project Path="Pro17/Pro17.csproj" Id="f79326c2-f11f-417f-9f3f-f86098500c8f" />
  <Project Path="Pro18/Pro18.csproj" Id="68c207c3-c8cb-4b51-a1c0-6e335edd2706" />
  <Project Path="Pro19/Pro19.csproj" Id="9454c79f-0035-4451-8a0a-07547efed437" />
  <Project Path="Pro20/Pro20.csproj" Id="29b10abf-4776-40f4-9c42-5f83b430cad1" />
  <Project Path="Pro21/Pro21.csproj" Id="325a4e04-ddcc-4d7f-8b8a-1f4b58c9a199" />
  <Project Path="Pro22/Pro22.csproj" Id="b3160a26-a149-4671-aa57-587b83f7172d" />
  <Project Path="Pro23/Pro23.csproj" Id="79078213-36b7-4cc9-bb1e-637491262a5e" />
  <Project Path="Pro24/Pro24.csproj" Id="4cffc05d-04d0-4df6-bc8c-8fda23629958" />
  <Project Path="Pro25/Pro25.csproj" Id="ab55ff8e-f467-4fb5-a19d-8078768a4257" />
  <Project Path="TestProject01/TestProject01.csproj" Id="d14e30d1-8b5b-4628-8fbc-0943e36fc68b" />
</Solution>
